// !$*UTF8*$!
{
	archiveVersion = 1;
	classes = {
	};
	objectVersion = 46;
	objects = {

/* Begin PBXBuildFile section */
		012EDE89142B924300B8C627 /* ScrollInverterStatusBlack.png in Resources */ = {isa = PBXBuildFile; fileRef = 012EDE86142B924300B8C627 /* ScrollInverterStatusBlack.png */; };
		012EDE8A142B924300B8C627 /* ScrollInverterStatusGrey.png in Resources */ = {isa = PBXBuildFile; fileRef = 012EDE87142B924300B8C627 /* ScrollInverterStatusGrey.png */; };
		012EDE8B142B924300B8C627 /* ScrollInverterStatusWhite.png in Resources */ = {isa = PBXBuildFile; fileRef = 012EDE88142B924300B8C627 /* ScrollInverterStatusWhite.png */; };
		01587308134DD1E200CD9CC4 /* Localizable.strings in Resources */ = {isa = PBXBuildFile; fileRef = 01587306134DD1E200CD9CC4 /* Localizable.strings */; };
		01587313134DD1FA00CD9CC4 /* InfoPlist.strings in Resources */ = {isa = PBXBuildFile; fileRef = 0158730B134DD1FA00CD9CC4 /* InfoPlist.strings */; };
		01587355134DD2B300CD9CC4 /* MainMenu.xib in Resources */ = {isa = PBXBuildFile; fileRef = 01587350134DD2B300CD9CC4 /* MainMenu.xib */; };
		0158735813265EDD00100E4C /* StatusItemController.m in Sources */ = {isa = PBXBuildFile; fileRef = 0158735513265EDD00100E4C /* StatusItemController.m */; };
		0180FF461434A548005BBDA1 /* Credits.html in Resources */ = {isa = PBXBuildFile; fileRef = 0180FF451434A548005BBDA1 /* Credits.html */; };
		0199D2DB13254E9B000D8011 /* ScrollInverterIcon.icns in Resources */ = {isa = PBXBuildFile; fileRef = 0199D2DA13254E9B000D8011 /* ScrollInverterIcon.icns */; };
		019FB05A14EB1A9100FA225A /* WelcomeWindowController.m in Sources */ = {isa = PBXBuildFile; fileRef = 019FB05914EB1A9100FA225A /* WelcomeWindowController.m */; };
		01B662D513250CA800658B5C /* LoginItemsController.m in Sources */ = {isa = PBXBuildFile; fileRef = 01B662D413250CA800658B5C /* LoginItemsController.m */; };
		01B6644B132528A000658B5C /* NSObject+ObservePrefs.m in Sources */ = {isa = PBXBuildFile; fileRef = 01B6644A132528A000658B5C /* NSObject+ObservePrefs.m */; };
		01CEC48314EAC6A60064570D /* IntroShotArrow.png in Resources */ = {isa = PBXBuildFile; fileRef = 01CEC48214EAC6A60064570D /* IntroShotArrow.png */; };
		01CEC48514EAC6B50064570D /* WelcomeWindow.xib in Resources */ = {isa = PBXBuildFile; fileRef = 01CEC48414EAC6B50064570D /* WelcomeWindow.xib */; };
		01CEC48714EAC8F70064570D /* IntroShot.png in Resources */ = {isa = PBXBuildFile; fileRef = 01CEC48614EAC8F70064570D /* IntroShot.png */; };
		01EB78C41324D574005390BD /* MouseTap.m in Sources */ = {isa = PBXBuildFile; fileRef = 01EB78C21324D574005390BD /* MouseTap.m */; };
		01FD049D142B6F7900F3BDCB /* Localizable.strings in Resources */ = {isa = PBXBuildFile; fileRef = 01587306134DD1E200CD9CC4 /* Localizable.strings */; };
		256AC3DA0F4B6AC300CF3369 /* ScrollInverterAppDelegate.m in Sources */ = {isa = PBXBuildFile; fileRef = 256AC3D90F4B6AC300CF3369 /* ScrollInverterAppDelegate.m */; };
		8D11072D0486CEB800E47090 /* main.m in Sources */ = {isa = PBXBuildFile; fileRef = 29B97316FDCFA39411CA2CEA /* main.m */; settings = {ATTRIBUTES = (); }; };
		8D11072F0486CEB800E47090 /* Cocoa.framework in Frameworks */ = {isa = PBXBuildFile; fileRef = 1058C7A1FEA54F0111CA2CBB /* Cocoa.framework */; };
/* End PBXBuildFile section */

/* Begin PBXFileReference section */
		012EDE86142B924300B8C627 /* ScrollInverterStatusBlack.png */ = {isa = PBXFileReference; lastKnownFileType = image.png; path = ScrollInverterStatusBlack.png; sourceTree = "<group>"; };
		012EDE87142B924300B8C627 /* ScrollInverterStatusGrey.png */ = {isa = PBXFileReference; lastKnownFileType = image.png; path = ScrollInverterStatusGrey.png; sourceTree = "<group>"; };
		012EDE88142B924300B8C627 /* ScrollInverterStatusWhite.png */ = {isa = PBXFileReference; lastKnownFileType = image.png; path = ScrollInverterStatusWhite.png; sourceTree = "<group>"; };
		0158730C134DD1FA00CD9CC4 /* en */ = {isa = PBXFileReference; fileEncoding = 4; lastKnownFileType = text.plist.strings; name = en; path = resources/en.lproj/InfoPlist.strings; sourceTree = "<group>"; };
		0158730D134DD1FA00CD9CC4 /* en */ = {isa = PBXFileReference; fileEncoding = 10; lastKnownFileType = text.plist.strings; name = en; path = resources/en.lproj/Localizable.strings; sourceTree = "<group>"; };
		01587351134DD2B300CD9CC4 /* en */ = {isa = PBXFileReference; lastKnownFileType = file.xib; name = en; path = resources/en.lproj/MainMenu.xib; sourceTree = "<group>"; };
		0158735413265EDD00100E4C /* StatusItemController.h */ = {isa = PBXFileReference; fileEncoding = 4; lastKnownFileType = sourcecode.c.h; path = StatusItemController.h; sourceTree = "<group>"; };
		0158735513265EDD00100E4C /* StatusItemController.m */ = {isa = PBXFileReference; fileEncoding = 4; lastKnownFileType = sourcecode.c.objc; path = StatusItemController.m; sourceTree = "<group>"; };
		0180FF451434A548005BBDA1 /* Credits.html */ = {isa = PBXFileReference; fileEncoding = 4; lastKnownFileType = text.html; path = Credits.html; sourceTree = "<group>"; };
		018C6C8B13FD22BC001DC44F /* es */ = {isa = PBXFileReference; fileEncoding = 10; lastKnownFileType = text.plist.strings; name = es; path = resources/es.lproj/Localizable.strings; sourceTree = "<group>"; };
		0199D2DA13254E9B000D8011 /* ScrollInverterIcon.icns */ = {isa = PBXFileReference; lastKnownFileType = image.icns; path = ScrollInverterIcon.icns; sourceTree = "<group>"; };
		019FB05814EB1A9100FA225A /* WelcomeWindowController.h */ = {isa = PBXFileReference; fileEncoding = 4; lastKnownFileType = sourcecode.c.h; path = WelcomeWindowController.h; sourceTree = "<group>"; };
		019FB05914EB1A9100FA225A /* WelcomeWindowController.m */ = {isa = PBXFileReference; fileEncoding = 4; lastKnownFileType = sourcecode.c.objc; path = WelcomeWindowController.m; sourceTree = "<group>"; };
		01B1F4041368A62400BB9A3A /* el */ = {isa = PBXFileReference; fileEncoding = 10; lastKnownFileType = text.plist.strings; name = el; path = resources/el.lproj/Localizable.strings; sourceTree = "<group>"; };
		01B662D313250CA800658B5C /* LoginItemsController.h */ = {isa = PBXFileReference; fileEncoding = 4; lastKnownFileType = sourcecode.c.h; path = LoginItemsController.h; sourceTree = "<group>"; };
		01B662D413250CA800658B5C /* LoginItemsController.m */ = {isa = PBXFileReference; fileEncoding = 4; lastKnownFileType = sourcecode.c.objc; path = LoginItemsController.m; sourceTree = "<group>"; };
		01B66449132528A000658B5C /* NSObject+ObservePrefs.h */ = {isa = PBXFileReference; fileEncoding = 4; lastKnownFileType = sourcecode.c.h; path = "NSObject+ObservePrefs.h"; sourceTree = "<group>"; };
		01B6644A132528A000658B5C /* NSObject+ObservePrefs.m */ = {isa = PBXFileReference; fileEncoding = 4; lastKnownFileType = sourcecode.c.objc; path = "NSObject+ObservePrefs.m"; sourceTree = "<group>"; };
		01BE744814DC5F7F0050DD8A /* build_release_notes.sh */ = {isa = PBXFileReference; fileEncoding = 4; lastKnownFileType = text.script.sh; name = build_release_notes.sh; path = BuildScripts/build_release_notes.sh; sourceTree = "<group>"; };
		01BE744914DC5F7F0050DD8A /* create_zip.sh */ = {isa = PBXFileReference; fileEncoding = 4; lastKnownFileType = text.script.sh; name = create_zip.sh; path = BuildScripts/create_zip.sh; sourceTree = "<group>"; };
		01BE744A14DC5F7F0050DD8A /* fix_standalone_version.sh */ = {isa = PBXFileReference; fileEncoding = 4; lastKnownFileType = text.script.sh; name = fix_standalone_version.sh; path = BuildScripts/fix_standalone_version.sh; sourceTree = "<group>"; };
		01BE744B14DC5F7F0050DD8A /* insert_version.sh */ = {isa = PBXFileReference; fileEncoding = 4; lastKnownFileType = text.script.sh; name = insert_version.sh; path = BuildScripts/insert_version.sh; sourceTree = "<group>"; };
		01BE744C14DC5F7F0050DD8A /* rnotes.erb */ = {isa = PBXFileReference; fileEncoding = 4; lastKnownFileType = text; name = rnotes.erb; path = BuildScripts/rnotes.erb; sourceTree = "<group>"; };
		01BE747814DC63500050DD8A /* ReleaseNotes.md */ = {isa = PBXFileReference; fileEncoding = 4; lastKnownFileType = text; path = ReleaseNotes.md; sourceTree = "<group>"; };
		01BF87861419FC560045B4EA /* fr */ = {isa = PBXFileReference; fileEncoding = 10; lastKnownFileType = text.plist.strings; name = fr; path = resources/fr.lproj/Localizable.strings; sourceTree = "<group>"; };
		01CEC48214EAC6A60064570D /* IntroShotArrow.png */ = {isa = PBXFileReference; lastKnownFileType = image.png; path = IntroShotArrow.png; sourceTree = "<group>"; };
		01CEC48414EAC6B50064570D /* WelcomeWindow.xib */ = {isa = PBXFileReference; fileEncoding = 4; lastKnownFileType = file.xib; path = WelcomeWindow.xib; sourceTree = "<group>"; };
		01CEC48614EAC8F70064570D /* IntroShot.png */ = {isa = PBXFileReference; lastKnownFileType = image.png; path = IntroShot.png; sourceTree = "<group>"; };
		01E16F1314F6607300F81640 /* de */ = {isa = PBXFileReference; fileEncoding = 10; lastKnownFileType = text.plist.strings; name = de; path = resources/de.lproj/Localizable.strings; sourceTree = "<group>"; };
		01EB78C21324D574005390BD /* MouseTap.m */ = {isa = PBXFileReference; fileEncoding = 4; lastKnownFileType = sourcecode.c.objc; path = MouseTap.m; sourceTree = "<group>"; };
		01EB78C31324D574005390BD /* MouseTap.h */ = {isa = PBXFileReference; fileEncoding = 4; lastKnownFileType = sourcecode.c.h; path = MouseTap.h; sourceTree = "<group>"; };
		01EFD5AC134E2ED900798678 /* pt */ = {isa = PBXFileReference; lastKnownFileType = text.plist.strings; name = pt; path = resources/pt.lproj/Localizable.strings; sourceTree = "<group>"; };
		01FD049C142B6F7900F3BDCB /* ro */ = {isa = PBXFileReference; fileEncoding = 10; lastKnownFileType = text.plist.strings; name = ro; path = resources/ro.lproj/Localizable.strings; sourceTree = "<group>"; };
		1058C7A1FEA54F0111CA2CBB /* Cocoa.framework */ = {isa = PBXFileReference; lastKnownFileType = wrapper.framework; name = Cocoa.framework; path = /System/Library/Frameworks/Cocoa.framework; sourceTree = "<absolute>"; };
		13E42FB307B3F0F600E4EEF1 /* CoreData.framework */ = {isa = PBXFileReference; lastKnownFileType = wrapper.framework; name = CoreData.framework; path = /System/Library/Frameworks/CoreData.framework; sourceTree = "<absolute>"; };
		256AC3D80F4B6AC300CF3369 /* ScrollInverterAppDelegate.h */ = {isa = PBXFileReference; fileEncoding = 4; lastKnownFileType = sourcecode.c.h; path = ScrollInverterAppDelegate.h; sourceTree = "<group>"; };
		256AC3D90F4B6AC300CF3369 /* ScrollInverterAppDelegate.m */ = {isa = PBXFileReference; fileEncoding = 4; lastKnownFileType = sourcecode.c.objc; path = ScrollInverterAppDelegate.m; sourceTree = "<group>"; };
		256AC3F00F4B6AF500CF3369 /* Scroll_Inverter_Prefix.pch */ = {isa = PBXFileReference; fileEncoding = 4; lastKnownFileType = sourcecode.c.h; path = Scroll_Inverter_Prefix.pch; sourceTree = "<group>"; };
		27AF3F6C13F3CCF00034733F /* it */ = {isa = PBXFileReference; fileEncoding = 10; lastKnownFileType = text.plist.strings; name = it; path = resources/it.lproj/Localizable.strings; sourceTree = "<group>"; };
		29B97316FDCFA39411CA2CEA /* main.m */ = {isa = PBXFileReference; fileEncoding = 4; lastKnownFileType = sourcecode.c.objc; path = main.m; sourceTree = "<group>"; };
		29B97324FDCFA39411CA2CEA /* AppKit.framework */ = {isa = PBXFileReference; lastKnownFileType = wrapper.framework; name = AppKit.framework; path = /System/Library/Frameworks/AppKit.framework; sourceTree = "<absolute>"; };
		29B97325FDCFA39411CA2CEA /* Foundation.framework */ = {isa = PBXFileReference; lastKnownFileType = wrapper.framework; name = Foundation.framework; path = /System/Library/Frameworks/Foundation.framework; sourceTree = "<absolute>"; };
		8D1107310486CEB800E47090 /* Scroll_Inverter-Info.plist */ = {isa = PBXFileReference; fileEncoding = 4; lastKnownFileType = text.plist.xml; path = "Scroll_Inverter-Info.plist"; sourceTree = "<group>"; };
		8D1107320486CEB800E47090 /* Scroll Reverser.app */ = {isa = PBXFileReference; explicitFileType = wrapper.application; includeInIndex = 0; path = "Scroll Reverser.app"; sourceTree = BUILT_PRODUCTS_DIR; };
/* End PBXFileReference section */

/* Begin PBXFrameworksBuildPhase section */
		8D11072E0486CEB800E47090 /* Frameworks */ = {
			isa = PBXFrameworksBuildPhase;
			buildActionMask = 2147483647;
			files = (
				8D11072F0486CEB800E47090 /* Cocoa.framework in Frameworks */,
			);
			runOnlyForDeploymentPostprocessing = 0;
		};
/* End PBXFrameworksBuildPhase section */

/* Begin PBXGroup section */
		080E96DDFE201D6D7F000001 /* Classes */ = {
			isa = PBXGroup;
			children = (
				019FB05814EB1A9100FA225A /* WelcomeWindowController.h */,
				019FB05914EB1A9100FA225A /* WelcomeWindowController.m */,
				01B66449132528A000658B5C /* NSObject+ObservePrefs.h */,
				01B6644A132528A000658B5C /* NSObject+ObservePrefs.m */,
				0158735413265EDD00100E4C /* StatusItemController.h */,
				0158735513265EDD00100E4C /* StatusItemController.m */,
				01B662D313250CA800658B5C /* LoginItemsController.h */,
				01B662D413250CA800658B5C /* LoginItemsController.m */,
				01EB78C21324D574005390BD /* MouseTap.m */,
				01EB78C31324D574005390BD /* MouseTap.h */,
				256AC3D80F4B6AC300CF3369 /* ScrollInverterAppDelegate.h */,
				256AC3D90F4B6AC300CF3369 /* ScrollInverterAppDelegate.m */,
			);
			name = Classes;
			sourceTree = "<group>";
		};
		1058C7A0FEA54F0111CA2CBB /* Linked Frameworks */ = {
			isa = PBXGroup;
			children = (
				1058C7A1FEA54F0111CA2CBB /* Cocoa.framework */,
			);
			name = "Linked Frameworks";
			sourceTree = "<group>";
		};
		1058C7A2FEA54F0111CA2CBB /* Other Frameworks */ = {
			isa = PBXGroup;
			children = (
				29B97324FDCFA39411CA2CEA /* AppKit.framework */,
				13E42FB307B3F0F600E4EEF1 /* CoreData.framework */,
				29B97325FDCFA39411CA2CEA /* Foundation.framework */,
			);
			name = "Other Frameworks";
			sourceTree = "<group>";
		};
		19C28FACFE9D520D11CA2CBB /* Products */ = {
			isa = PBXGroup;
			children = (
				8D1107320486CEB800E47090 /* Scroll Reverser.app */,
			);
			name = Products;
			sourceTree = "<group>";
		};
		29B97314FDCFA39411CA2CEA /* Scroll Inverter */ = {
			isa = PBXGroup;
			children = (
				080E96DDFE201D6D7F000001 /* Classes */,
				29B97315FDCFA39411CA2CEA /* Other Sources */,
				29B97317FDCFA39411CA2CEA /* Resources */,
				29B97323FDCFA39411CA2CEA /* Frameworks */,
				19C28FACFE9D520D11CA2CBB /* Products */,
			);
			name = "Scroll Inverter";
			sourceTree = "<group>";
		};
		29B97315FDCFA39411CA2CEA /* Other Sources */ = {
			isa = PBXGroup;
			children = (
				256AC3F00F4B6AF500CF3369 /* Scroll_Inverter_Prefix.pch */,
				29B97316FDCFA39411CA2CEA /* main.m */,
			);
			name = "Other Sources";
			sourceTree = "<group>";
		};
		29B97317FDCFA39411CA2CEA /* Resources */ = {
			isa = PBXGroup;
			children = (
				01CEC48614EAC8F70064570D /* IntroShot.png */,
				01CEC48214EAC6A60064570D /* IntroShotArrow.png */,
				01BE744814DC5F7F0050DD8A /* build_release_notes.sh */,
				01BE744914DC5F7F0050DD8A /* create_zip.sh */,
				01BE744A14DC5F7F0050DD8A /* fix_standalone_version.sh */,
				01BE744B14DC5F7F0050DD8A /* insert_version.sh */,
				01BE744C14DC5F7F0050DD8A /* rnotes.erb */,
				012EDE86142B924300B8C627 /* ScrollInverterStatusBlack.png */,
				012EDE87142B924300B8C627 /* ScrollInverterStatusGrey.png */,
				012EDE88142B924300B8C627 /* ScrollInverterStatusWhite.png */,
				01587350134DD2B300CD9CC4 /* MainMenu.xib */,
				0158730B134DD1FA00CD9CC4 /* InfoPlist.strings */,
				01587306134DD1E200CD9CC4 /* Localizable.strings */,
				0199D2DA13254E9B000D8011 /* ScrollInverterIcon.icns */,
				8D1107310486CEB800E47090 /* Scroll_Inverter-Info.plist */,
				0180FF451434A548005BBDA1 /* Credits.html */,
				01BE747814DC63500050DD8A /* ReleaseNotes.md */,
				01CEC48414EAC6B50064570D /* WelcomeWindow.xib */,
			);
			name = Resources;
			sourceTree = "<group>";
		};
		29B97323FDCFA39411CA2CEA /* Frameworks */ = {
			isa = PBXGroup;
			children = (
				1058C7A0FEA54F0111CA2CBB /* Linked Frameworks */,
				1058C7A2FEA54F0111CA2CBB /* Other Frameworks */,
			);
			name = Frameworks;
			sourceTree = "<group>";
		};
/* End PBXGroup section */

/* Begin PBXNativeTarget section */
		8D1107260486CEB800E47090 /* Scroll Reverser */ = {
			isa = PBXNativeTarget;
			buildConfigurationList = C01FCF4A08A954540054247B /* Build configuration list for PBXNativeTarget "Scroll Reverser" */;
			buildPhases = (
				8D1107290486CEB800E47090 /* Resources */,
				8D11072C0486CEB800E47090 /* Sources */,
				8D11072E0486CEB800E47090 /* Frameworks */,
				01E1E94713FC0C26007E8F1B /* ShellScript */,
			);
			buildRules = (
			);
			dependencies = (
			);
			name = "Scroll Reverser";
			productInstallPath = "$(HOME)/Applications";
			productName = "Scroll Inverter";
			productReference = 8D1107320486CEB800E47090 /* Scroll Reverser.app */;
			productType = "com.apple.product-type.application";
		};
/* End PBXNativeTarget section */

/* Begin PBXProject section */
		29B97313FDCFA39411CA2CEA /* Project object */ = {
			isa = PBXProject;
			attributes = {
				LastUpgradeCheck = 0410;
			};
			buildConfigurationList = C01FCF4E08A954540054247B /* Build configuration list for PBXProject "ScrollInverter" */;
			compatibilityVersion = "Xcode 3.2";
			developmentRegion = English;
			hasScannedForEncodings = 1;
			knownRegions = (
				English,
				Japanese,
				French,
				German,
				en,
				fr,
				pt,
				el,
				it,
				es,
				ro,
				de,
			);
			mainGroup = 29B97314FDCFA39411CA2CEA /* Scroll Inverter */;
			projectDirPath = "";
			projectRoot = "";
			targets = (
				8D1107260486CEB800E47090 /* Scroll Reverser */,
			);
		};
/* End PBXProject section */

/* Begin PBXResourcesBuildPhase section */
		8D1107290486CEB800E47090 /* Resources */ = {
			isa = PBXResourcesBuildPhase;
			buildActionMask = 2147483647;
			files = (
				0199D2DB13254E9B000D8011 /* ScrollInverterIcon.icns in Resources */,
				01587308134DD1E200CD9CC4 /* Localizable.strings in Resources */,
				01587313134DD1FA00CD9CC4 /* InfoPlist.strings in Resources */,
				01587355134DD2B300CD9CC4 /* MainMenu.xib in Resources */,
				01FD049D142B6F7900F3BDCB /* Localizable.strings in Resources */,
				012EDE89142B924300B8C627 /* ScrollInverterStatusBlack.png in Resources */,
				012EDE8A142B924300B8C627 /* ScrollInverterStatusGrey.png in Resources */,
				012EDE8B142B924300B8C627 /* ScrollInverterStatusWhite.png in Resources */,
				0180FF461434A548005BBDA1 /* Credits.html in Resources */,
				01CEC48314EAC6A60064570D /* IntroShotArrow.png in Resources */,
				01CEC48514EAC6B50064570D /* WelcomeWindow.xib in Resources */,
				01CEC48714EAC8F70064570D /* IntroShot.png in Resources */,
			);
			runOnlyForDeploymentPostprocessing = 0;
		};
/* End PBXResourcesBuildPhase section */

/* Begin PBXShellScriptBuildPhase section */
		01E1E94713FC0C26007E8F1B /* ShellScript */ = {
			isa = PBXShellScriptBuildPhase;
			buildActionMask = 2147483647;
			files = (
			);
			inputPaths = (
			);
			outputPaths = (
			);
			runOnlyForDeploymentPostprocessing = 0;
			shellPath = /bin/sh;
			shellScript = "${SRCROOT}/BuildScripts/insert_version.sh noclean\n${SRCROOT}/BuildScripts/create_zip.sh $debug\n${SRCROOT}/BuildScripts/build_release_notes.sh";
		};
/* End PBXShellScriptBuildPhase section */

/* Begin PBXSourcesBuildPhase section */
		8D11072C0486CEB800E47090 /* Sources */ = {
			isa = PBXSourcesBuildPhase;
			buildActionMask = 2147483647;
			files = (
				8D11072D0486CEB800E47090 /* main.m in Sources */,
				256AC3DA0F4B6AC300CF3369 /* ScrollInverterAppDelegate.m in Sources */,
				01EB78C41324D574005390BD /* MouseTap.m in Sources */,
				01B662D513250CA800658B5C /* LoginItemsController.m in Sources */,
				01B6644B132528A000658B5C /* NSObject+ObservePrefs.m in Sources */,
				0158735813265EDD00100E4C /* StatusItemController.m in Sources */,
				019FB05A14EB1A9100FA225A /* WelcomeWindowController.m in Sources */,
			);
			runOnlyForDeploymentPostprocessing = 0;
		};
/* End PBXSourcesBuildPhase section */

/* Begin PBXVariantGroup section */
		01587306134DD1E200CD9CC4 /* Localizable.strings */ = {
			isa = PBXVariantGroup;
			children = (
				0158730D134DD1FA00CD9CC4 /* en */,
				01EFD5AC134E2ED900798678 /* pt */,
				01B1F4041368A62400BB9A3A /* el */,
				27AF3F6C13F3CCF00034733F /* it */,
				018C6C8B13FD22BC001DC44F /* es */,
				01BF87861419FC560045B4EA /* fr */,
				01FD049C142B6F7900F3BDCB /* ro */,
				01E16F1314F6607300F81640 /* de */,
			);
			name = Localizable.strings;
			sourceTree = "<group>";
		};
		0158730B134DD1FA00CD9CC4 /* InfoPlist.strings */ = {
			isa = PBXVariantGroup;
			children = (
				0158730C134DD1FA00CD9CC4 /* en */,
			);
			name = InfoPlist.strings;
			sourceTree = "<group>";
		};
		01587350134DD2B300CD9CC4 /* MainMenu.xib */ = {
			isa = PBXVariantGroup;
			children = (
				01587351134DD2B300CD9CC4 /* en */,
			);
			name = MainMenu.xib;
			sourceTree = "<group>";
		};
/* End PBXVariantGroup section */

/* Begin XCBuildConfiguration section */
		C01FCF4B08A954540054247B /* Debug */ = {
			isa = XCBuildConfiguration;
			buildSettings = {
				ALWAYS_SEARCH_USER_PATHS = NO;
				CODE_SIGN_IDENTITY = "";
				COPY_PHASE_STRIP = NO;
				CURRENT_PROJECT_VERSION = 66;
				DEPLOYMENT_POSTPROCESSING = NO;
				FRAMEWORK_SEARCH_PATHS = (
					"$(inherited)",
					"\"$(SRCROOT)\"",
				);
				GCC_DYNAMIC_NO_PIC = NO;
				GCC_OPTIMIZATION_LEVEL = 0;
				GCC_PRECOMPILE_PREFIX_HEADER = YES;
				GCC_PREFIX_HEADER = Scroll_Inverter_Prefix.pch;
				GCC_PREPROCESSOR_DEFINITIONS = DEBUG_BUILD;
				GCC_VERSION = "";
				INFOPLIST_FILE = "Scroll_Inverter-Info.plist";
				INSTALL_PATH = "$(HOME)/Applications";
				MACOSX_DEPLOYMENT_TARGET = 10.7;
				ONLY_ACTIVE_ARCH = NO;
				PRODUCT_NAME = "Scroll Reverser";
				SDKROOT = macosx10.7;
				STRIP_INSTALLED_PRODUCT = NO;
				VALID_ARCHS = x86_64;
			};
			name = Debug;
		};
		C01FCF4C08A954540054247B /* Release */ = {
			isa = XCBuildConfiguration;
			buildSettings = {
				ALWAYS_SEARCH_USER_PATHS = NO;
				CODE_SIGN_IDENTITY = "";
				CURRENT_PROJECT_VERSION = 66;
				DEBUG_INFORMATION_FORMAT = "dwarf-with-dsym";
				DEPLOYMENT_POSTPROCESSING = YES;
				FRAMEWORK_SEARCH_PATHS = (
					"$(inherited)",
					"\"$(SRCROOT)\"",
				);
				GCC_PRECOMPILE_PREFIX_HEADER = YES;
				GCC_PREFIX_HEADER = Scroll_Inverter_Prefix.pch;
				GCC_PREPROCESSOR_DEFINITIONS = (
					NS_BLOCK_ASSERTIONS,
					NDEBUG,
				);
				GCC_VERSION = "";
				INFOPLIST_FILE = "Scroll_Inverter-Info.plist";
				INSTALL_PATH = "$(HOME)/Applications";
				MACOSX_DEPLOYMENT_TARGET = 10.7;
				ONLY_ACTIVE_ARCH = NO;
				PRODUCT_NAME = "Scroll Reverser";
				SDKROOT = macosx10.7;
				STRIP_INSTALLED_PRODUCT = YES;
				VALID_ARCHS = x86_64;
			};
			name = Release;
		};
		C01FCF4F08A954540054247B /* Debug */ = {
			isa = XCBuildConfiguration;
			buildSettings = {
				ARCHS = "$(ARCHS_STANDARD_32_64_BIT)";
				CURRENT_PROJECT_VERSION = 66;
				GCC_C_LANGUAGE_STANDARD = gnu99;
				GCC_OPTIMIZATION_LEVEL = 0;
				GCC_TREAT_WARNINGS_AS_ERRORS = YES;
				GCC_WARN_ABOUT_RETURN_TYPE = YES;
				GCC_WARN_UNUSED_VARIABLE = YES;
				MACOSX_DEPLOYMENT_TARGET = 10.4;
				ONLY_ACTIVE_ARCH = NO;
				SDKROOT = macosx10.6;
				VERSIONING_SYSTEM = "apple-generic";
			};
			name = Debug;
		};
		C01FCF5008A954540054247B /* Release */ = {
			isa = XCBuildConfiguration;
			buildSettings = {
				ARCHS = "$(ARCHS_STANDARD_32_64_BIT)";
				CURRENT_PROJECT_VERSION = 66;
				GCC_C_LANGUAGE_STANDARD = gnu99;
				GCC_TREAT_WARNINGS_AS_ERRORS = YES;
				GCC_WARN_ABOUT_RETURN_TYPE = YES;
				GCC_WARN_UNUSED_VARIABLE = YES;
				MACOSX_DEPLOYMENT_TARGET = 10.4;
				ONLY_ACTIVE_ARCH = NO;
				SDKROOT = macosx10.6;
				VERSIONING_SYSTEM = "apple-generic";
			};
			name = Release;
		};
/* End XCBuildConfiguration section */

/* Begin XCConfigurationList section */
		C01FCF4A08A954540054247B /* Build configuration list for PBXNativeTarget "Scroll Reverser" */ = {
			isa = XCConfigurationList;
			buildConfigurations = (
				C01FCF4B08A954540054247B /* Debug */,
				C01FCF4C08A954540054247B /* Release */,
			);
			defaultConfigurationIsVisible = 0;
			defaultConfigurationName = Release;
		};
		C01FCF4E08A954540054247B /* Build configuration list for PBXProject "ScrollInverter" */ = {
			isa = XCConfigurationList;
			buildConfigurations = (
				C01FCF4F08A954540054247B /* Debug */,
				C01FCF5008A954540054247B /* Release */,
			);
			defaultConfigurationIsVisible = 0;
			defaultConfigurationName = Release;
		};
/* End XCConfigurationList section */
	};
	rootObject = 29B97313FDCFA39411CA2CEA /* Project object */;
}
