// !$*UTF8*$!
{
	archiveVersion = 1;
	classes = {
	};
	objectVersion = 46;
	objects = {

/* Begin PBXBuildFile section */
		011A628B19D4A748003CE6DC /* IntroShot.png in Resources */ = {isa = PBXBuildFile; fileRef = 011A628919D4A748003CE6DC /* IntroShot.png */; };
		01438E601AFB467100C5C857 /* DebugWindowController.m in Sources */ = {isa = PBXBuildFile; fileRef = 01438E5E1AFB467100C5C857 /* DebugWindowController.m */; };
		01438E611AFB467100C5C857 /* DebugWindow.xib in Resources */ = {isa = PBXBuildFile; fileRef = 01438E5F1AFB467100C5C857 /* DebugWindow.xib */; };
		01438E901AFB640400C5C857 /* Logger.m in Sources */ = {isa = PBXBuildFile; fileRef = 01438E8F1AFB640400C5C857 /* Logger.m */; };
		01438E931AFB7BC100C5C857 /* LoggerScrollView.m in Sources */ = {isa = PBXBuildFile; fileRef = 01438E921AFB7BC100C5C857 /* LoggerScrollView.m */; };
		01587308134DD1E200CD9CC4 /* Localizable.strings in Resources */ = {isa = PBXBuildFile; fileRef = 01587306134DD1E200CD9CC4 /* Localizable.strings */; };
		0158735813265EDD00100E4C /* StatusItemController.m in Sources */ = {isa = PBXBuildFile; fileRef = 0158735513265EDD00100E4C /* StatusItemController.m */; };
		017347631A35D9C100A0A1BE /* PrefsWindow.xib in Resources */ = {isa = PBXBuildFile; fileRef = 017347621A35D9C100A0A1BE /* PrefsWindow.xib */; };
		017347661A35DA2600A0A1BE /* PrefsWindowController.m in Sources */ = {isa = PBXBuildFile; fileRef = 017347651A35DA2600A0A1BE /* PrefsWindowController.m */; };
		0183EE6F1A37943500A260E0 /* MainMenu.xib in Resources */ = {isa = PBXBuildFile; fileRef = 0183EE6D1A37943500A260E0 /* MainMenu.xib */; };
		0183EE701A37943500A260E0 /* WelcomeWindow.xib in Resources */ = {isa = PBXBuildFile; fileRef = 0183EE6E1A37943500A260E0 /* WelcomeWindow.xib */; };
		0183EE731A37947E00A260E0 /* Application.m in Sources */ = {isa = PBXBuildFile; fileRef = 0183EE721A37947E00A260E0 /* Application.m */; };
		0183EE781A3794F800A260E0 /* ScrollReverser.sdef in Resources */ = {isa = PBXBuildFile; fileRef = 0183EE771A3794F800A260E0 /* ScrollReverser.sdef */; };
		019FB05A14EB1A9100FA225A /* WelcomeWindowController.m in Sources */ = {isa = PBXBuildFile; fileRef = 019FB05914EB1A9100FA225A /* WelcomeWindowController.m */; };
		01AF54C91B0CB87C0028A26A /* TapLogger.m in Sources */ = {isa = PBXBuildFile; fileRef = 01AF54C81B0CB87C0028A26A /* TapLogger.m */; };
		01AF54D31B0E11150028A26A /* TestWindowController.m in Sources */ = {isa = PBXBuildFile; fileRef = 01AF54D11B0E11150028A26A /* TestWindowController.m */; };
		01AF54D41B0E11150028A26A /* TestWindow.xib in Resources */ = {isa = PBXBuildFile; fileRef = 01AF54D21B0E11150028A26A /* TestWindow.xib */; };
		01B5ABCD1700D26200FF6F6A /* ScrollReverserStatusIcon.png in Resources */ = {isa = PBXBuildFile; fileRef = 01B5ABCA1700D26200FF6F6A /* ScrollReverserStatusIcon.png */; };
		01B5ABDD1700D50600FF6F6A /* ScrollReverserStatusIcon@2x.png in Resources */ = {isa = PBXBuildFile; fileRef = 01B5ABDA1700D50600FF6F6A /* ScrollReverserStatusIcon@2x.png */; };
		01B662D513250CA800658B5C /* LoginItemsController.m in Sources */ = {isa = PBXBuildFile; fileRef = 01B662D413250CA800658B5C /* LoginItemsController.m */; };
		01E6A6CF1A42E6BF00C1FB2A /* ScrollReverser.iconset in Resources */ = {isa = PBXBuildFile; fileRef = 01E6A6CE1A42E6BF00C1FB2A /* ScrollReverser.iconset */; };
		01EB78C41324D574005390BD /* MouseTap.m in Sources */ = {isa = PBXBuildFile; fileRef = 01EB78C21324D574005390BD /* MouseTap.m */; };
		01ED37DF1A375EB9001B3094 /* LinkView.m in Sources */ = {isa = PBXBuildFile; fileRef = 01ED37DE1A375EB9001B3094 /* LinkView.m */; };
		01F66862174B5E43001727DE /* Sparkle.framework in Frameworks */ = {isa = PBXBuildFile; fileRef = 01F66861174B5E43001727DE /* Sparkle.framework */; };
		01F66865174B5E77001727DE /* Sparkle.framework in CopyFiles */ = {isa = PBXBuildFile; fileRef = 01F66861174B5E43001727DE /* Sparkle.framework */; };
		256AC3DA0F4B6AC300CF3369 /* AppDelegate.m in Sources */ = {isa = PBXBuildFile; fileRef = 256AC3D90F4B6AC300CF3369 /* AppDelegate.m */; };
		8D11072D0486CEB800E47090 /* main.m in Sources */ = {isa = PBXBuildFile; fileRef = 29B97316FDCFA39411CA2CEA /* main.m */; settings = {ATTRIBUTES = (); }; };
		8D11072F0486CEB800E47090 /* Cocoa.framework in Frameworks */ = {isa = PBXBuildFile; fileRef = 1058C7A1FEA54F0111CA2CBB /* Cocoa.framework */; };
/* End PBXBuildFile section */

/* Begin PBXCopyFilesBuildPhase section */
		01F66864174B5E6D001727DE /* CopyFiles */ = {
			isa = PBXCopyFilesBuildPhase;
			buildActionMask = 2147483647;
			dstPath = "";
			dstSubfolderSpec = 10;
			files = (
				01F66865174B5E77001727DE /* Sparkle.framework in CopyFiles */,
			);
			runOnlyForDeploymentPostprocessing = 0;
		};
/* End PBXCopyFilesBuildPhase section */

/* Begin PBXFileReference section */
		0118CC8A1EC4BACB00DA75D5 /* nb */ = {isa = PBXFileReference; lastKnownFileType = text.plist.strings; name = nb; path = resources/nb.lproj/Localizable.strings; sourceTree = "<group>"; };
		011A628419D49AB7003CE6DC /* create_zip_and_appcast.sh */ = {isa = PBXFileReference; lastKnownFileType = text.script.sh; name = create_zip_and_appcast.sh; path = BuildScripts/create_zip_and_appcast.sh; sourceTree = "<group>"; };
		011A628519D49AB7003CE6DC /* insert_version.sh */ = {isa = PBXFileReference; lastKnownFileType = text.script.sh; name = insert_version.sh; path = BuildScripts/insert_version.sh; sourceTree = "<group>"; };
		011A628619D49B69003CE6DC /* ReleaseNotes.md */ = {isa = PBXFileReference; lastKnownFileType = net.daringfireball.markdown; path = ReleaseNotes.md; sourceTree = "<group>"; };
		011A628919D4A748003CE6DC /* IntroShot.png */ = {isa = PBXFileReference; lastKnownFileType = image.png; name = IntroShot.png; path = Graphics/IntroShot.png; sourceTree = "<group>"; };
		012A2B171A5D2A3A009DF434 /* ro */ = {isa = PBXFileReference; fileEncoding = 4; lastKnownFileType = text.plist.strings; name = ro; path = resources/ro.lproj/Localizable.strings; sourceTree = "<group>"; };
		013E4E401DD7C50F00DCC144 /* nl */ = {isa = PBXFileReference; lastKnownFileType = text.plist.strings; name = nl; path = resources/nl.lproj/Localizable.strings; sourceTree = "<group>"; };
		01438E5D1AFB467100C5C857 /* DebugWindowController.h */ = {isa = PBXFileReference; fileEncoding = 4; lastKnownFileType = sourcecode.c.h; path = DebugWindowController.h; sourceTree = "<group>"; };
		01438E5E1AFB467100C5C857 /* DebugWindowController.m */ = {isa = PBXFileReference; fileEncoding = 4; lastKnownFileType = sourcecode.c.objc; path = DebugWindowController.m; sourceTree = "<group>"; };
		01438E5F1AFB467100C5C857 /* DebugWindow.xib */ = {isa = PBXFileReference; fileEncoding = 4; lastKnownFileType = file.xib; path = DebugWindow.xib; sourceTree = "<group>"; };
		01438E8E1AFB640400C5C857 /* Logger.h */ = {isa = PBXFileReference; fileEncoding = 4; lastKnownFileType = sourcecode.c.h; path = Logger.h; sourceTree = "<group>"; };
		01438E8F1AFB640400C5C857 /* Logger.m */ = {isa = PBXFileReference; fileEncoding = 4; lastKnownFileType = sourcecode.c.objc; path = Logger.m; sourceTree = "<group>"; };
		01438E911AFB7BC100C5C857 /* LoggerScrollView.h */ = {isa = PBXFileReference; fileEncoding = 4; lastKnownFileType = sourcecode.c.h; path = LoggerScrollView.h; sourceTree = "<group>"; };
		01438E921AFB7BC100C5C857 /* LoggerScrollView.m */ = {isa = PBXFileReference; fileEncoding = 4; lastKnownFileType = sourcecode.c.objc; path = LoggerScrollView.m; sourceTree = "<group>"; };
		0146E33F1DD07AA50089F864 /* pl */ = {isa = PBXFileReference; lastKnownFileType = text.plist.strings; name = pl; path = resources/pl.lproj/Localizable.strings; sourceTree = "<group>"; };
		014EAC481A7F665C009E2315 /* ru */ = {isa = PBXFileReference; fileEncoding = 4; lastKnownFileType = text.plist.strings; name = ru; path = resources/ru.lproj/Localizable.strings; sourceTree = "<group>"; };
		014EAC491A7F6675009E2315 /* ko */ = {isa = PBXFileReference; lastKnownFileType = text.plist.strings; name = ko; path = resources/ko.lproj/Localizable.strings; sourceTree = "<group>"; };
		0158730D134DD1FA00CD9CC4 /* en */ = {isa = PBXFileReference; fileEncoding = 4; lastKnownFileType = text.plist.strings; name = en; path = resources/en.lproj/Localizable.strings; sourceTree = "<group>"; };
		0158735413265EDD00100E4C /* StatusItemController.h */ = {isa = PBXFileReference; fileEncoding = 4; lastKnownFileType = sourcecode.c.h; path = StatusItemController.h; sourceTree = "<group>"; };
		0158735513265EDD00100E4C /* StatusItemController.m */ = {isa = PBXFileReference; fileEncoding = 4; lastKnownFileType = sourcecode.c.objc; path = StatusItemController.m; sourceTree = "<group>"; };
		017347621A35D9C100A0A1BE /* PrefsWindow.xib */ = {isa = PBXFileReference; fileEncoding = 4; lastKnownFileType = file.xib; path = PrefsWindow.xib; sourceTree = "<group>"; };
		017347641A35DA2600A0A1BE /* PrefsWindowController.h */ = {isa = PBXFileReference; fileEncoding = 4; lastKnownFileType = sourcecode.c.h; path = PrefsWindowController.h; sourceTree = "<group>"; };
		017347651A35DA2600A0A1BE /* PrefsWindowController.m */ = {isa = PBXFileReference; fileEncoding = 4; lastKnownFileType = sourcecode.c.objc; path = PrefsWindowController.m; sourceTree = "<group>"; };
		0183EE6D1A37943500A260E0 /* MainMenu.xib */ = {isa = PBXFileReference; fileEncoding = 4; lastKnownFileType = file.xib; path = MainMenu.xib; sourceTree = "<group>"; };
		0183EE6E1A37943500A260E0 /* WelcomeWindow.xib */ = {isa = PBXFileReference; fileEncoding = 4; lastKnownFileType = file.xib; path = WelcomeWindow.xib; sourceTree = "<group>"; };
		0183EE711A37947E00A260E0 /* Application.h */ = {isa = PBXFileReference; fileEncoding = 4; lastKnownFileType = sourcecode.c.h; path = Application.h; sourceTree = "<group>"; };
		0183EE721A37947E00A260E0 /* Application.m */ = {isa = PBXFileReference; fileEncoding = 4; lastKnownFileType = sourcecode.c.objc; path = Application.m; sourceTree = "<group>"; };
		0183EE771A3794F800A260E0 /* ScrollReverser.sdef */ = {isa = PBXFileReference; fileEncoding = 4; lastKnownFileType = text; path = ScrollReverser.sdef; sourceTree = "<group>"; };
		019FB05814EB1A9100FA225A /* WelcomeWindowController.h */ = {isa = PBXFileReference; fileEncoding = 4; lastKnownFileType = sourcecode.c.h; path = WelcomeWindowController.h; sourceTree = "<group>"; };
		019FB05914EB1A9100FA225A /* WelcomeWindowController.m */ = {isa = PBXFileReference; fileEncoding = 4; lastKnownFileType = sourcecode.c.objc; path = WelcomeWindowController.m; sourceTree = "<group>"; };
		01A1ED6B1A3A3E1900CFC6C5 /* ja */ = {isa = PBXFileReference; fileEncoding = 4; lastKnownFileType = text.plist.strings; name = ja; path = resources/ja.lproj/Localizable.strings; sourceTree = "<group>"; };
		01AF54C71B0CB87C0028A26A /* TapLogger.h */ = {isa = PBXFileReference; fileEncoding = 4; lastKnownFileType = sourcecode.c.h; path = TapLogger.h; sourceTree = "<group>"; };
		01AF54C81B0CB87C0028A26A /* TapLogger.m */ = {isa = PBXFileReference; fileEncoding = 4; lastKnownFileType = sourcecode.c.objc; path = TapLogger.m; sourceTree = "<group>"; };
		01AF54D01B0E11150028A26A /* TestWindowController.h */ = {isa = PBXFileReference; fileEncoding = 4; lastKnownFileType = sourcecode.c.h; path = TestWindowController.h; sourceTree = "<group>"; };
		01AF54D11B0E11150028A26A /* TestWindowController.m */ = {isa = PBXFileReference; fileEncoding = 4; lastKnownFileType = sourcecode.c.objc; path = TestWindowController.m; sourceTree = "<group>"; };
		01AF54D21B0E11150028A26A /* TestWindow.xib */ = {isa = PBXFileReference; fileEncoding = 4; lastKnownFileType = file.xib; path = TestWindow.xib; sourceTree = "<group>"; };
		01B5ABCA1700D26200FF6F6A /* ScrollReverserStatusIcon.png */ = {isa = PBXFileReference; lastKnownFileType = image.png; name = ScrollReverserStatusIcon.png; path = Graphics/ScrollReverserStatusIcon.png; sourceTree = "<group>"; };
		01B5ABDA1700D50600FF6F6A /* ScrollReverserStatusIcon@2x.png */ = {isa = PBXFileReference; lastKnownFileType = image.png; name = "ScrollReverserStatusIcon@2x.png"; path = "Graphics/ScrollReverserStatusIcon@2x.png"; sourceTree = "<group>"; };
		01B662D313250CA800658B5C /* LoginItemsController.h */ = {isa = PBXFileReference; fileEncoding = 4; lastKnownFileType = sourcecode.c.h; path = LoginItemsController.h; sourceTree = "<group>"; };
		01B662D413250CA800658B5C /* LoginItemsController.m */ = {isa = PBXFileReference; fileEncoding = 4; lastKnownFileType = sourcecode.c.objc; path = LoginItemsController.m; sourceTree = "<group>"; };
		01BE744B14DC5F7F0050DD8A /* insert_version.sh */ = {isa = PBXFileReference; fileEncoding = 4; lastKnownFileType = text.script.sh; name = insert_version.sh; path = BuildScripts/insert_version.sh; sourceTree = "<group>"; };
		01CEC73C1A5E8BCF0086DDEC /* sk */ = {isa = PBXFileReference; fileEncoding = 4; lastKnownFileType = text.plist.strings; name = sk; path = resources/sk.lproj/Localizable.strings; sourceTree = "<group>"; };
		01DE5B63221B1E220045826E /* sv */ = {isa = PBXFileReference; lastKnownFileType = text.plist.strings; name = sv; path = resources/sv.lproj/Localizable.strings; sourceTree = "<group>"; };
		01E6A6C51A3EF6E300C1FB2A /* it */ = {isa = PBXFileReference; fileEncoding = 4; lastKnownFileType = text.plist.strings; name = it; path = resources/it.lproj/Localizable.strings; sourceTree = "<group>"; };
		01E6A6C61A3EF6E600C1FB2A /* el */ = {isa = PBXFileReference; fileEncoding = 4; lastKnownFileType = text.plist.strings; name = el; path = resources/el.lproj/Localizable.strings; sourceTree = "<group>"; };
		01E6A6CB1A3EF6FA00C1FB2A /* pt-BR */ = {isa = PBXFileReference; fileEncoding = 4; lastKnownFileType = text.plist.strings; name = "pt-BR"; path = "resources/pt-BR.lproj/Localizable.strings"; sourceTree = "<group>"; };
		01E6A6CE1A42E6BF00C1FB2A /* ScrollReverser.iconset */ = {isa = PBXFileReference; lastKnownFileType = folder.iconset; name = ScrollReverser.iconset; path = Graphics/ScrollReverser.iconset; sourceTree = "<group>"; };
		01E6A6D01A42F3E200C1FB2A /* de */ = {isa = PBXFileReference; fileEncoding = 4; lastKnownFileType = text.plist.strings; name = de; path = resources/de.lproj/Localizable.strings; sourceTree = "<group>"; };
		01E6F8F51EAE022100636423 /* zh-CN */ = {isa = PBXFileReference; lastKnownFileType = text.plist.strings; name = "zh-CN"; path = "resources/zh-CN.lproj/Localizable.strings"; sourceTree = "<group>"; };
		01EB78C21324D574005390BD /* MouseTap.m */ = {isa = PBXFileReference; fileEncoding = 4; lastKnownFileType = sourcecode.c.objc; path = MouseTap.m; sourceTree = "<group>"; };
		01EB78C31324D574005390BD /* MouseTap.h */ = {isa = PBXFileReference; fileEncoding = 4; lastKnownFileType = sourcecode.c.h; path = MouseTap.h; sourceTree = "<group>"; };
		01ED37DD1A375EB9001B3094 /* LinkView.h */ = {isa = PBXFileReference; fileEncoding = 4; lastKnownFileType = sourcecode.c.h; path = LinkView.h; sourceTree = "<group>"; };
		01ED37DE1A375EB9001B3094 /* LinkView.m */ = {isa = PBXFileReference; fileEncoding = 4; lastKnownFileType = sourcecode.c.objc; path = LinkView.m; sourceTree = "<group>"; };
		01F66861174B5E43001727DE /* Sparkle.framework */ = {isa = PBXFileReference; lastKnownFileType = wrapper.framework; path = Sparkle.framework; sourceTree = "<group>"; };
		01FD192E1B1C81D000489C3F /* hu */ = {isa = PBXFileReference; fileEncoding = 4; lastKnownFileType = text.plist.strings; name = hu; path = resources/hu.lproj/Localizable.strings; sourceTree = "<group>"; };
		1058C7A1FEA54F0111CA2CBB /* Cocoa.framework */ = {isa = PBXFileReference; lastKnownFileType = wrapper.framework; name = Cocoa.framework; path = /System/Library/Frameworks/Cocoa.framework; sourceTree = "<absolute>"; };
		13E42FB307B3F0F600E4EEF1 /* CoreData.framework */ = {isa = PBXFileReference; lastKnownFileType = wrapper.framework; name = CoreData.framework; path = /System/Library/Frameworks/CoreData.framework; sourceTree = "<absolute>"; };
		256AC3D80F4B6AC300CF3369 /* AppDelegate.h */ = {isa = PBXFileReference; fileEncoding = 4; lastKnownFileType = sourcecode.c.h; path = AppDelegate.h; sourceTree = "<group>"; };
		256AC3D90F4B6AC300CF3369 /* AppDelegate.m */ = {isa = PBXFileReference; fileEncoding = 4; lastKnownFileType = sourcecode.c.objc; path = AppDelegate.m; sourceTree = "<group>"; };
		256AC3F00F4B6AF500CF3369 /* Scroll_Inverter_Prefix.pch */ = {isa = PBXFileReference; fileEncoding = 4; lastKnownFileType = sourcecode.c.h; path = Scroll_Inverter_Prefix.pch; sourceTree = "<group>"; };
		29B97316FDCFA39411CA2CEA /* main.m */ = {isa = PBXFileReference; fileEncoding = 4; lastKnownFileType = sourcecode.c.objc; path = main.m; sourceTree = "<group>"; };
		29B97324FDCFA39411CA2CEA /* AppKit.framework */ = {isa = PBXFileReference; lastKnownFileType = wrapper.framework; name = AppKit.framework; path = /System/Library/Frameworks/AppKit.framework; sourceTree = "<absolute>"; };
		29B97325FDCFA39411CA2CEA /* Foundation.framework */ = {isa = PBXFileReference; lastKnownFileType = wrapper.framework; name = Foundation.framework; path = /System/Library/Frameworks/Foundation.framework; sourceTree = "<absolute>"; };
		5B4056241ADE048B000D12C3 /* zh-TW */ = {isa = PBXFileReference; fileEncoding = 4; lastKnownFileType = text.plist.strings; name = "zh-TW"; path = "resources/zh-TW.lproj/Localizable.strings"; sourceTree = "<group>"; };
		8D1107310486CEB800E47090 /* ScrollReverser-Info.plist */ = {isa = PBXFileReference; fileEncoding = 4; lastKnownFileType = text.plist.xml; path = "ScrollReverser-Info.plist"; sourceTree = "<group>"; };
		8D1107320486CEB800E47090 /* Scroll Reverser.app */ = {isa = PBXFileReference; explicitFileType = wrapper.application; includeInIndex = 0; path = "Scroll Reverser.app"; sourceTree = BUILT_PRODUCTS_DIR; };
/* End PBXFileReference section */

/* Begin PBXFrameworksBuildPhase section */
		8D11072E0486CEB800E47090 /* Frameworks */ = {
			isa = PBXFrameworksBuildPhase;
			buildActionMask = 2147483647;
			files = (
				8D11072F0486CEB800E47090 /* Cocoa.framework in Frameworks */,
				01F66862174B5E43001727DE /* Sparkle.framework in Frameworks */,
			);
			runOnlyForDeploymentPostprocessing = 0;
		};
/* End PBXFrameworksBuildPhase section */

/* Begin PBXGroup section */
		01B5ABC91700D25700FF6F6A /* Graphics */ = {
			isa = PBXGroup;
			children = (
				01E6A6CE1A42E6BF00C1FB2A /* ScrollReverser.iconset */,
				011A628919D4A748003CE6DC /* IntroShot.png */,
				01B5ABCA1700D26200FF6F6A /* ScrollReverserStatusIcon.png */,
				01B5ABDA1700D50600FF6F6A /* ScrollReverserStatusIcon@2x.png */,
			);
			name = Graphics;
			sourceTree = "<group>";
		};
		080E96DDFE201D6D7F000001 /* Classes */ = {
			isa = PBXGroup;
			children = (
				019FB05814EB1A9100FA225A /* WelcomeWindowController.h */,
				019FB05914EB1A9100FA225A /* WelcomeWindowController.m */,
				017347641A35DA2600A0A1BE /* PrefsWindowController.h */,
				017347651A35DA2600A0A1BE /* PrefsWindowController.m */,
				01438E5D1AFB467100C5C857 /* DebugWindowController.h */,
				01438E5E1AFB467100C5C857 /* DebugWindowController.m */,
				0158735413265EDD00100E4C /* StatusItemController.h */,
				0158735513265EDD00100E4C /* StatusItemController.m */,
				01B662D313250CA800658B5C /* LoginItemsController.h */,
				01B662D413250CA800658B5C /* LoginItemsController.m */,
				256AC3D80F4B6AC300CF3369 /* AppDelegate.h */,
				256AC3D90F4B6AC300CF3369 /* AppDelegate.m */,
				01EB78C21324D574005390BD /* MouseTap.m */,
				01EB78C31324D574005390BD /* MouseTap.h */,
				01ED37DD1A375EB9001B3094 /* LinkView.h */,
				01ED37DE1A375EB9001B3094 /* LinkView.m */,
				0183EE711A37947E00A260E0 /* Application.h */,
				0183EE721A37947E00A260E0 /* Application.m */,
				01438E8E1AFB640400C5C857 /* Logger.h */,
				01438E8F1AFB640400C5C857 /* Logger.m */,
				01AF54C71B0CB87C0028A26A /* TapLogger.h */,
				01AF54C81B0CB87C0028A26A /* TapLogger.m */,
				01438E911AFB7BC100C5C857 /* LoggerScrollView.h */,
				01438E921AFB7BC100C5C857 /* LoggerScrollView.m */,
				01AF54D01B0E11150028A26A /* TestWindowController.h */,
				01AF54D11B0E11150028A26A /* TestWindowController.m */,
			);
			name = Classes;
			sourceTree = "<group>";
		};
		1058C7A0FEA54F0111CA2CBB /* Linked Frameworks */ = {
			isa = PBXGroup;
			children = (
				1058C7A1FEA54F0111CA2CBB /* Cocoa.framework */,
			);
			name = "Linked Frameworks";
			sourceTree = "<group>";
		};
		1058C7A2FEA54F0111CA2CBB /* Other Frameworks */ = {
			isa = PBXGroup;
			children = (
				29B97324FDCFA39411CA2CEA /* AppKit.framework */,
				13E42FB307B3F0F600E4EEF1 /* CoreData.framework */,
				29B97325FDCFA39411CA2CEA /* Foundation.framework */,
			);
			name = "Other Frameworks";
			sourceTree = "<group>";
		};
		19C28FACFE9D520D11CA2CBB /* Products */ = {
			isa = PBXGroup;
			children = (
				8D1107320486CEB800E47090 /* Scroll Reverser.app */,
			);
			name = Products;
			sourceTree = "<group>";
		};
		29B97314FDCFA39411CA2CEA /* Scroll Inverter */ = {
			isa = PBXGroup;
			children = (
				080E96DDFE201D6D7F000001 /* Classes */,
				29B97315FDCFA39411CA2CEA /* Other Sources */,
				29B97317FDCFA39411CA2CEA /* Resources */,
				29B97323FDCFA39411CA2CEA /* Frameworks */,
				19C28FACFE9D520D11CA2CBB /* Products */,
			);
			name = "Scroll Inverter";
			sourceTree = "<group>";
		};
		29B97315FDCFA39411CA2CEA /* Other Sources */ = {
			isa = PBXGroup;
			children = (
				256AC3F00F4B6AF500CF3369 /* Scroll_Inverter_Prefix.pch */,
				29B97316FDCFA39411CA2CEA /* main.m */,
			);
			name = "Other Sources";
			sourceTree = "<group>";
		};
		29B97317FDCFA39411CA2CEA /* Resources */ = {
			isa = PBXGroup;
			children = (
				01B5ABC91700D25700FF6F6A /* Graphics */,
				01BE744B14DC5F7F0050DD8A /* insert_version.sh */,
				011A628419D49AB7003CE6DC /* create_zip_and_appcast.sh */,
				011A628619D49B69003CE6DC /* ReleaseNotes.md */,
				011A628519D49AB7003CE6DC /* insert_version.sh */,
				01AF54D21B0E11150028A26A /* TestWindow.xib */,
				0183EE6D1A37943500A260E0 /* MainMenu.xib */,
				01438E5F1AFB467100C5C857 /* DebugWindow.xib */,
				0183EE6E1A37943500A260E0 /* WelcomeWindow.xib */,
				017347621A35D9C100A0A1BE /* PrefsWindow.xib */,
				01587306134DD1E200CD9CC4 /* Localizable.strings */,
				8D1107310486CEB800E47090 /* ScrollReverser-Info.plist */,
				0183EE771A3794F800A260E0 /* ScrollReverser.sdef */,
			);
			name = Resources;
			sourceTree = "<group>";
		};
		29B97323FDCFA39411CA2CEA /* Frameworks */ = {
			isa = PBXGroup;
			children = (
				01F66861174B5E43001727DE /* Sparkle.framework */,
				1058C7A0FEA54F0111CA2CBB /* Linked Frameworks */,
				1058C7A2FEA54F0111CA2CBB /* Other Frameworks */,
			);
			name = Frameworks;
			sourceTree = "<group>";
		};
/* End PBXGroup section */

/* Begin PBXNativeTarget section */
		8D1107260486CEB800E47090 /* Scroll Reverser */ = {
			isa = PBXNativeTarget;
			buildConfigurationList = C01FCF4A08A954540054247B /* Build configuration list for PBXNativeTarget "Scroll Reverser" */;
			buildPhases = (
				8D1107290486CEB800E47090 /* Resources */,
				8D11072C0486CEB800E47090 /* Sources */,
				8D11072E0486CEB800E47090 /* Frameworks */,
				01F66864174B5E6D001727DE /* CopyFiles */,
				01F668AD174B9A65001727DE /* ShellScript */,
			);
			buildRules = (
			);
			dependencies = (
			);
			name = "Scroll Reverser";
			productInstallPath = "$(HOME)/Applications";
			productName = "Scroll Inverter";
			productReference = 8D1107320486CEB800E47090 /* Scroll Reverser.app */;
			productType = "com.apple.product-type.application";
		};
/* End PBXNativeTarget section */

/* Begin PBXProject section */
		29B97313FDCFA39411CA2CEA /* Project object */ = {
			isa = PBXProject;
			attributes = {
				LastUpgradeCheck = 1010;
				TargetAttributes = {
					8D1107260486CEB800E47090 = {
						DevelopmentTeam = 6W6K75YWQ9;
						ProvisioningStyle = Manual;
					};
				};
			};
			buildConfigurationList = C01FCF4E08A954540054247B /* Build configuration list for PBXProject "ScrollReverser" */;
			compatibilityVersion = "Xcode 3.2";
			developmentRegion = English;
			hasScannedForEncodings = 1;
			knownRegions = (
				English,
				Japanese,
				French,
				German,
				en,
				el,
				it,
				ro,
				de,
				"pt-BR",
				sk,
				ko,
				ru,
				"zh-TW",
				hu,
				pl,
				nl,
				"zh-CN",
				nb,
				sv,
			);
			mainGroup = 29B97314FDCFA39411CA2CEA /* Scroll Inverter */;
			projectDirPath = "";
			projectRoot = "";
			targets = (
				8D1107260486CEB800E47090 /* Scroll Reverser */,
			);
		};
/* End PBXProject section */

/* Begin PBXResourcesBuildPhase section */
		8D1107290486CEB800E47090 /* Resources */ = {
			isa = PBXResourcesBuildPhase;
			buildActionMask = 2147483647;
			files = (
				01AF54D41B0E11150028A26A /* TestWindow.xib in Resources */,
				01587308134DD1E200CD9CC4 /* Localizable.strings in Resources */,
				01E6A6CF1A42E6BF00C1FB2A /* ScrollReverser.iconset in Resources */,
				011A628B19D4A748003CE6DC /* IntroShot.png in Resources */,
				01B5ABCD1700D26200FF6F6A /* ScrollReverserStatusIcon.png in Resources */,
				017347631A35D9C100A0A1BE /* PrefsWindow.xib in Resources */,
				01438E611AFB467100C5C857 /* DebugWindow.xib in Resources */,
				01B5ABDD1700D50600FF6F6A /* ScrollReverserStatusIcon@2x.png in Resources */,
				0183EE6F1A37943500A260E0 /* MainMenu.xib in Resources */,
				0183EE701A37943500A260E0 /* WelcomeWindow.xib in Resources */,
				0183EE781A3794F800A260E0 /* ScrollReverser.sdef in Resources */,
			);
			runOnlyForDeploymentPostprocessing = 0;
		};
/* End PBXResourcesBuildPhase section */

/* Begin PBXShellScriptBuildPhase section */
		01F668AD174B9A65001727DE /* ShellScript */ = {
			isa = PBXShellScriptBuildPhase;
			buildActionMask = 2147483647;
			files = (
			);
			inputPaths = (
			);
			outputPaths = (
			);
			runOnlyForDeploymentPostprocessing = 0;
			shellPath = /bin/sh;
			shellScript = "# insert the version string from git into the app\n${SRCROOT}/BuildScripts/insert_version.sh noclean 10000\n\nNM_FRAMEWORKS_PATH=\"$BUILT_PRODUCTS_DIR/$FRAMEWORKS_FOLDER_PATH\"\necho \"Frameworks path is $NM_FRAMEWORKS_PATH\"\n\n# shrink sparkle\nSPARKLE_PATH=\"$NM_FRAMEWORKS_PATH/Sparkle.framework\"\necho \"Removing spurious files from $SPARKLE_PATH\"\nrm -rf \"$SPARKLE_PATH/Headers\"\nrm -rf \"$SPARKLE_PATH/Versions/Current/Headers\"\nrm -rf \"$SPARKLE_PATH/Resources/ca.lproj\"\nrm -rf \"$SPARKLE_PATH/Resources/cs.lproj\"\nrm -rf \"$SPARKLE_PATH/Resources/cy.lproj\"\nrm -rf \"$SPARKLE_PATH/Resources/da.lproj\"\nrm -rf \"$SPARKLE_PATH/Resources/el.lproj\"\nrm -rf \"$SPARKLE_PATH/Resources/fi.lproj\"\nrm -rf \"$SPARKLE_PATH/Resources/fr_CA.lproj\"\nrm -rf \"$SPARKLE_PATH/Resources/he.lproj\"\nrm -rf \"$SPARKLE_PATH/Resources/hu.lproj\"\nrm -rf \"$SPARKLE_PATH/Resources/id.lproj\"\nrm -rf \"$SPARKLE_PATH/Resources/is.lproj\"\nrm -rf \"$SPARKLE_PATH/Resources/nl.lproj\"\nrm -rf \"$SPARKLE_PATH/Resources/no.lproj\"\nrm -rf \"$SPARKLE_PATH/Resources/pl.lproj\"\nrm -rf \"$SPARKLE_PATH/Resources/ro.lproj\"\nrm -rf \"$SPARKLE_PATH/Resources/sk.lproj\"\nrm -rf \"$SPARKLE_PATH/Resources/sl.lproj\"\nrm -rf \"$SPARKLE_PATH/Resources/sv.lproj\"\nrm -rf \"$SPARKLE_PATH/Resources/th.lproj\"\nrm -rf \"$SPARKLE_PATH/Resources/tr.lproj\"\nrm -rf \"$SPARKLE_PATH/Resources/uk.lproj\"\nrm -rf \"$SPARKLE_PATH/Resources/ar.lproj\"\nrm -rf \"$SPARKLE_PATH/Resources/de.lproj\"\nrm -rf \"$SPARKLE_PATH/Resources/es.lproj\"\nrm -rf \"$SPARKLE_PATH/Resources/fr.lproj\"\nrm -rf \"$SPARKLE_PATH/Resources/it.lproj\"\nrm -rf \"$SPARKLE_PATH/Resources/ja.lproj\"\nrm -rf \"$SPARKLE_PATH/Resources/ko.lproj\"\nrm -rf \"$SPARKLE_PATH/Resources/pt.lproj\"\nrm -rf \"$SPARKLE_PATH/Resources/pt_BR.lproj\"\nrm -rf \"$SPARKLE_PATH/Resources/pt_PT.lproj\"\nrm -rf \"$SPARKLE_PATH/Resources/ru.lproj\"\nrm -rf \"$SPARKLE_PATH/Resources/zh_CN.lproj\"\nrm -rf \"$SPARKLE_PATH/Resources/zh_TW.lproj\"\nrm -rf \"$SPARKLE_PATH/Resources/finish_installation.app/Contents/Resources/Sparkle.icns\"\nrm -rf \"$SPARKLE_PATH/Resources/finish_installation.app/Contents/Resources/ca.lproj\"\nrm -rf \"$SPARKLE_PATH/Resources/finish_installation.app/Contents/Resources/cs.lproj\"\nrm -rf \"$SPARKLE_PATH/Resources/finish_installation.app/Contents/Resources/cy.lproj\"\nrm -rf \"$SPARKLE_PATH/Resources/finish_installation.app/Contents/Resources/da.lproj\"\nrm -rf \"$SPARKLE_PATH/Resources/finish_installation.app/Contents/Resources/el.lproj\"\nrm -rf \"$SPARKLE_PATH/Resources/finish_installation.app/Contents/Resources/fi.lproj\"\nrm -rf \"$SPARKLE_PATH/Resources/finish_installation.app/Contents/Resources/he.lproj\"\nrm -rf \"$SPARKLE_PATH/Resources/finish_installation.app/Contents/Resources/hu.lproj\"\nrm -rf \"$SPARKLE_PATH/Resources/finish_installation.app/Contents/Resources/id.lproj\"\nrm -rf \"$SPARKLE_PATH/Resources/finish_installation.app/Contents/Resources/is.lproj\"\nrm -rf \"$SPARKLE_PATH/Resources/finish_installation.app/Contents/Resources/nl.lproj\"\nrm -rf \"$SPARKLE_PATH/Resources/finish_installation.app/Contents/Resources/no.lproj\"\nrm -rf \"$SPARKLE_PATH/Resources/finish_installation.app/Contents/Resources/pl.lproj\"\nrm -rf \"$SPARKLE_PATH/Resources/finish_installation.app/Contents/Resources/ro.lproj\"\nrm -rf \"$SPARKLE_PATH/Resources/finish_installation.app/Contents/Resources/sk.lproj\"\nrm -rf \"$SPARKLE_PATH/Resources/finish_installation.app/Contents/Resources/sl.lproj\"\nrm -rf \"$SPARKLE_PATH/Resources/finish_installation.app/Contents/Resources/sv.lproj\"\nrm -rf \"$SPARKLE_PATH/Resources/finish_installation.app/Contents/Resources/th.lproj\"\nrm -rf \"$SPARKLE_PATH/Resources/finish_installation.app/Contents/Resources/tr.lproj\"\nrm -rf \"$SPARKLE_PATH/Resources/finish_installation.app/Contents/Resources/uk.lproj\"\nrm -rf \"$SPARKLE_PATH/Resources/finish_installation.app/Contents/Resources/ar.lproj\"\nrm -rf \"$SPARKLE_PATH/Resources/finish_installation.app/Contents/Resources/de.lproj\"\nrm -rf \"$SPARKLE_PATH/Resources/finish_installation.app/Contents/Resources/es.lproj\"\nrm -rf \"$SPARKLE_PATH/Resources/finish_installation.app/Contents/Resources/fr.lproj\"\nrm -rf \"$SPARKLE_PATH/Resources/finish_installation.app/Contents/Resources/it.lproj\"\nrm -rf \"$SPARKLE_PATH/Resources/finish_installation.app/Contents/Resources/ja.lproj\"\nrm -rf \"$SPARKLE_PATH/Resources/finish_installation.app/Contents/Resources/ko.lproj\"\nrm -rf \"$SPARKLE_PATH/Resources/finish_installation.app/Contents/Resources/pt.lproj\"\nrm -rf \"$SPARKLE_PATH/Resources/finish_installation.app/Contents/Resources/pt_BR.lproj\"\nrm -rf \"$SPARKLE_PATH/Resources/finish_installation.app/Contents/Resources/pt_PT.lproj\"\nrm -rf \"$SPARKLE_PATH/Resources/finish_installation.app/Contents/Resources/ru.lproj\"\nrm -rf \"$SPARKLE_PATH/Resources/finish_installation.app/Contents/Resources/zh_CN.lproj\"\nrm -rf \"$SPARKLE_PATH/Resources/finish_installation.app/Contents/Resources/zh_TW.lproj\"\n\necho \"Finished removing files\"\n\n# sign everything\ncodesign -f -v -s \"Developer ID Application: Nicholas Moore\" \"$SPARKLE_PATH/Resources/finish_installation.app\"\ncodesign -f -v -s \"Developer ID Application: Nicholas Moore\" \"$SPARKLE_PATH/Versions/A\"\n";
		};
/* End PBXShellScriptBuildPhase section */

/* Begin PBXSourcesBuildPhase section */
		8D11072C0486CEB800E47090 /* Sources */ = {
			isa = PBXSourcesBuildPhase;
			buildActionMask = 2147483647;
			files = (
				8D11072D0486CEB800E47090 /* main.m in Sources */,
				01AF54C91B0CB87C0028A26A /* TapLogger.m in Sources */,
				256AC3DA0F4B6AC300CF3369 /* AppDelegate.m in Sources */,
				01ED37DF1A375EB9001B3094 /* LinkView.m in Sources */,
				01EB78C41324D574005390BD /* MouseTap.m in Sources */,
				01B662D513250CA800658B5C /* LoginItemsController.m in Sources */,
				01438E931AFB7BC100C5C857 /* LoggerScrollView.m in Sources */,
				01438E601AFB467100C5C857 /* DebugWindowController.m in Sources */,
				01438E901AFB640400C5C857 /* Logger.m in Sources */,
				0158735813265EDD00100E4C /* StatusItemController.m in Sources */,
				01AF54D31B0E11150028A26A /* TestWindowController.m in Sources */,
				017347661A35DA2600A0A1BE /* PrefsWindowController.m in Sources */,
				0183EE731A37947E00A260E0 /* Application.m in Sources */,
				019FB05A14EB1A9100FA225A /* WelcomeWindowController.m in Sources */,
			);
			runOnlyForDeploymentPostprocessing = 0;
		};
/* End PBXSourcesBuildPhase section */

/* Begin PBXVariantGroup section */
		01587306134DD1E200CD9CC4 /* Localizable.strings */ = {
			isa = PBXVariantGroup;
			children = (
				0158730D134DD1FA00CD9CC4 /* en */,
				01A1ED6B1A3A3E1900CFC6C5 /* ja */,
				01E6A6C51A3EF6E300C1FB2A /* it */,
				01E6A6C61A3EF6E600C1FB2A /* el */,
				01E6A6CB1A3EF6FA00C1FB2A /* pt-BR */,
				01E6A6D01A42F3E200C1FB2A /* de */,
				012A2B171A5D2A3A009DF434 /* ro */,
				01CEC73C1A5E8BCF0086DDEC /* sk */,
				014EAC481A7F665C009E2315 /* ru */,
				014EAC491A7F6675009E2315 /* ko */,
				5B4056241ADE048B000D12C3 /* zh-TW */,
				01FD192E1B1C81D000489C3F /* hu */,
				0146E33F1DD07AA50089F864 /* pl */,
				013E4E401DD7C50F00DCC144 /* nl */,
				01E6F8F51EAE022100636423 /* zh-CN */,
				0118CC8A1EC4BACB00DA75D5 /* nb */,
				01DE5B63221B1E220045826E /* sv */,
			);
			name = Localizable.strings;
			sourceTree = "<group>";
		};
/* End PBXVariantGroup section */

/* Begin XCBuildConfiguration section */
		C01FCF4B08A954540054247B /* Debug */ = {
			isa = XCBuildConfiguration;
			buildSettings = {
				ALWAYS_SEARCH_USER_PATHS = NO;
				CLANG_ENABLE_OBJC_ARC = YES;
				CODE_SIGN_IDENTITY = "Mac Developer";
				COMBINE_HIDPI_IMAGES = YES;
				COPY_PHASE_STRIP = NO;
				CURRENT_PROJECT_VERSION = 10006;
				DEPLOYMENT_POSTPROCESSING = NO;
				DEVELOPMENT_TEAM = 6W6K75YWQ9;
				FRAMEWORK_SEARCH_PATHS = (
					"$(inherited)",
					"\"$(SRCROOT)\"",
				);
				GCC_DYNAMIC_NO_PIC = NO;
				GCC_OPTIMIZATION_LEVEL = 0;
				GCC_PRECOMPILE_PREFIX_HEADER = YES;
				GCC_PREFIX_HEADER = Scroll_Inverter_Prefix.pch;
				GCC_PREPROCESSOR_DEFINITIONS = DEBUG_BUILD;
				GCC_TREAT_WARNINGS_AS_ERRORS = NO;
				GCC_VERSION = "";
				INFOPLIST_FILE = "ScrollReverser-Info.plist";
				INSTALL_PATH = "$(HOME)/Applications";
				LD_RUNPATH_SEARCH_PATHS = "@loader_path/../Frameworks";
				MACOSX_DEPLOYMENT_TARGET = 10.7;
				ONLY_ACTIVE_ARCH = NO;
				PRODUCT_BUNDLE_IDENTIFIER = "com.pilotmoon.scroll-reverser";
				PRODUCT_NAME = "Scroll Reverser";
				SDKROOT = macosx;
				STRIP_INSTALLED_PRODUCT = NO;
				VALID_ARCHS = x86_64;
			};
			name = Debug;
		};
		C01FCF4C08A954540054247B /* Release */ = {
			isa = XCBuildConfiguration;
			buildSettings = {
				ALWAYS_SEARCH_USER_PATHS = NO;
				CLANG_ENABLE_OBJC_ARC = YES;
				CODE_SIGN_IDENTITY = "Mac Developer";
				COMBINE_HIDPI_IMAGES = YES;
				CURRENT_PROJECT_VERSION = 10006;
				DEBUG_INFORMATION_FORMAT = "dwarf-with-dsym";
				DEPLOYMENT_POSTPROCESSING = YES;
				DEVELOPMENT_TEAM = 6W6K75YWQ9;
				FRAMEWORK_SEARCH_PATHS = (
					"$(inherited)",
					"\"$(SRCROOT)\"",
				);
				GCC_PRECOMPILE_PREFIX_HEADER = YES;
				GCC_PREFIX_HEADER = Scroll_Inverter_Prefix.pch;
				GCC_PREPROCESSOR_DEFINITIONS = (
					NS_BLOCK_ASSERTIONS,
					NDEBUG,
				);
				GCC_TREAT_WARNINGS_AS_ERRORS = NO;
				GCC_VERSION = "";
				INFOPLIST_FILE = "ScrollReverser-Info.plist";
				INSTALL_PATH = "$(HOME)/Applications";
				LD_RUNPATH_SEARCH_PATHS = "@loader_path/../Frameworks";
				MACOSX_DEPLOYMENT_TARGET = 10.7;
				ONLY_ACTIVE_ARCH = NO;
				PRODUCT_BUNDLE_IDENTIFIER = "com.pilotmoon.scroll-reverser";
				PRODUCT_NAME = "Scroll Reverser";
				SDKROOT = macosx;
				STRIP_INSTALLED_PRODUCT = YES;
				VALID_ARCHS = x86_64;
			};
			name = Release;
		};
		C01FCF4F08A954540054247B /* Debug */ = {
			isa = XCBuildConfiguration;
			buildSettings = {
				CLANG_ANALYZER_LOCALIZABILITY_NONLOCALIZED = YES;
				CLANG_WARN_BLOCK_CAPTURE_AUTORELEASING = YES;
				CLANG_WARN_BOOL_CONVERSION = YES;
				CLANG_WARN_COMMA = YES;
				CLANG_WARN_CONSTANT_CONVERSION = YES;
				CLANG_WARN_DEPRECATED_OBJC_IMPLEMENTATIONS = YES;
				CLANG_WARN_EMPTY_BODY = YES;
				CLANG_WARN_ENUM_CONVERSION = YES;
				CLANG_WARN_INFINITE_RECURSION = YES;
				CLANG_WARN_INT_CONVERSION = YES;
				CLANG_WARN_NON_LITERAL_NULL_CONVERSION = YES;
				CLANG_WARN_OBJC_IMPLICIT_RETAIN_SELF = YES;
				CLANG_WARN_OBJC_LITERAL_CONVERSION = YES;
				CLANG_WARN_RANGE_LOOP_ANALYSIS = YES;
				CLANG_WARN_STRICT_PROTOTYPES = YES;
				CLANG_WARN_SUSPICIOUS_MOVE = YES;
				CLANG_WARN_UNREACHABLE_CODE = YES;
				CLANG_WARN__DUPLICATE_METHOD_MATCH = YES;
				CURRENT_PROJECT_VERSION = 10006;
				ENABLE_STRICT_OBJC_MSGSEND = YES;
				ENABLE_TESTABILITY = YES;
				GCC_C_LANGUAGE_STANDARD = gnu99;
				GCC_NO_COMMON_BLOCKS = YES;
				GCC_OPTIMIZATION_LEVEL = 0;
				GCC_TREAT_WARNINGS_AS_ERRORS = YES;
				GCC_WARN_64_TO_32_BIT_CONVERSION = YES;
				GCC_WARN_ABOUT_RETURN_TYPE = YES;
				GCC_WARN_UNDECLARED_SELECTOR = YES;
				GCC_WARN_UNINITIALIZED_AUTOS = YES;
				GCC_WARN_UNUSED_FUNCTION = YES;
				GCC_WARN_UNUSED_VARIABLE = YES;
				MACOSX_DEPLOYMENT_TARGET = 10.7;
				ONLY_ACTIVE_ARCH = YES;
				SDKROOT = macosx;
				VERSIONING_SYSTEM = "apple-generic";
			};
			name = Debug;
		};
		C01FCF5008A954540054247B /* Release */ = {
			isa = XCBuildConfiguration;
			buildSettings = {
				CLANG_ANALYZER_LOCALIZABILITY_NONLOCALIZED = YES;
				CLANG_WARN_BLOCK_CAPTURE_AUTORELEASING = YES;
				CLANG_WARN_BOOL_CONVERSION = YES;
				CLANG_WARN_COMMA = YES;
				CLANG_WARN_CONSTANT_CONVERSION = YES;
				CLANG_WARN_DEPRECATED_OBJC_IMPLEMENTATIONS = YES;
				CLANG_WARN_EMPTY_BODY = YES;
				CLANG_WARN_ENUM_CONVERSION = YES;
				CLANG_WARN_INFINITE_RECURSION = YES;
				CLANG_WARN_INT_CONVERSION = YES;
				CLANG_WARN_NON_LITERAL_NULL_CONVERSION = YES;
				CLANG_WARN_OBJC_IMPLICIT_RETAIN_SELF = YES;
				CLANG_WARN_OBJC_LITERAL_CONVERSION = YES;
				CLANG_WARN_RANGE_LOOP_ANALYSIS = YES;
				CLANG_WARN_STRICT_PROTOTYPES = YES;
				CLANG_WARN_SUSPICIOUS_MOVE = YES;
				CLANG_WARN_UNREACHABLE_CODE = YES;
				CLANG_WARN__DUPLICATE_METHOD_MATCH = YES;
				CURRENT_PROJECT_VERSION = 10006;
				ENABLE_STRICT_OBJC_MSGSEND = YES;
				GCC_C_LANGUAGE_STANDARD = gnu99;
				GCC_NO_COMMON_BLOCKS = YES;
				GCC_TREAT_WARNINGS_AS_ERRORS = YES;
				GCC_WARN_64_TO_32_BIT_CONVERSION = YES;
				GCC_WARN_ABOUT_RETURN_TYPE = YES;
				GCC_WARN_UNDECLARED_SELECTOR = YES;
				GCC_WARN_UNINITIALIZED_AUTOS = YES;
				GCC_WARN_UNUSED_FUNCTION = YES;
				GCC_WARN_UNUSED_VARIABLE = YES;
				MACOSX_DEPLOYMENT_TARGET = 10.7;
				ONLY_ACTIVE_ARCH = NO;
				SDKROOT = macosx;
				VERSIONING_SYSTEM = "apple-generic";
			};
			name = Release;
		};
/* End XCBuildConfiguration section */

/* Begin XCConfigurationList section */
		C01FCF4A08A954540054247B /* Build configuration list for PBXNativeTarget "Scroll Reverser" */ = {
			isa = XCConfigurationList;
			buildConfigurations = (
				C01FCF4B08A954540054247B /* Debug */,
				C01FCF4C08A954540054247B /* Release */,
			);
			defaultConfigurationIsVisible = 0;
			defaultConfigurationName = Release;
		};
		C01FCF4E08A954540054247B /* Build configuration list for PBXProject "ScrollReverser" */ = {
			isa = XCConfigurationList;
			buildConfigurations = (
				C01FCF4F08A954540054247B /* Debug */,
				C01FCF5008A954540054247B /* Release */,
			);
			defaultConfigurationIsVisible = 0;
			defaultConfigurationName = Release;
		};
/* End XCConfigurationList section */
	};
	rootObject = 29B97313FDCFA39411CA2CEA /* Project object */;
}
